
Microsoft Visual Studio Solution File, Format Version 12.00
# Visual Studio Version 17
VisualStudioVersion = 17.0.31919.166
MinimumVisualStudioVersion = 10.0.40219.1
Project("{FAE04EC0-301F-11D3-BF4B-00C04F79EFBC}") = "Demik", "Demik\Demik.csproj", "{8102D2D0-A339-4810-AB8E-65C3519007A4}"
EndProject
Global
	GlobalSection(SolutionConfigurationPlatforms) = preSolution
		Debug|Any CPU = Debug|Any CPU
		Release|Any CPU = Release|Any CPU
	EndGlobalSection
	GlobalSection(ProjectConfigurationPlatforms) = postSolution
		{8102D2D0-A339-4810-AB8E-65C3519007A4}.Debug|Any CPU.ActiveCfg = Debug|Any CPU
		{8102D2D0-A339-4810-AB8E-65C3519007A4}.Debug|Any CPU.Build.0 = Debug|Any CPU
		{8102D2D0-A339-4810-AB8E-65C3519007A4}.Release|Any CPU.ActiveCfg = Release|Any CPU
		{8102D2D0-A339-4810-AB8E-65C3519007A4}.Release|Any CPU.Build.0 = Release|Any CPU
	EndGlobalSection
	GlobalSection(SolutionProperties) = preSolution
		HideSolutionNode = FALSE
	EndGlobalSection
	GlobalSection(ExtensibilityGlobals) = postSolution
		SolutionGuid = {6A51AB01-D804-4414-BA5C-2F5345A81B47}
	EndGlobalSection
EndGlobal
